
Microsoft Visual Studio Solution File, Format Version 12.00
# Visual Studio Version 16
VisualStudioVersion = 16.0.30011.22
MinimumVisualStudioVersion = 10.0.40219.1
Project("{FAE04EC0-301F-11D3-BF4B-00C04F79EFBC}") = "NeoContract1", "NeoContract1.csproj", "{C47A2E90-9263-4700-AC55-19AA35F2593F}"
EndProject
Global
	GlobalSection(SolutionConfigurationPlatforms) = preSolution
		Debug|Any CPU = Debug|Any CPU
		Release|Any CPU = Release|Any CPU
	EndGlobalSection
	GlobalSection(ProjectConfigurationPlatforms) = postSolution
		{C47A2E90-9263-4700-AC55-19AA35F2593F}.Debug|Any CPU.ActiveCfg = Debug|Any CPU
		{C47A2E90-9263-4700-AC55-19AA35F2593F}.Debug|Any CPU.Build.0 = Debug|Any CPU
		{C47A2E90-9263-4700-AC55-19AA35F2593F}.Release|Any CPU.ActiveCfg = Release|Any CPU
		{C47A2E90-9263-4700-AC55-19AA35F2593F}.Release|Any CPU.Build.0 = Release|Any CPU
	EndGlobalSection
	GlobalSection(SolutionProperties) = preSolution
		HideSolutionNode = FALSE
	EndGlobalSection
	GlobalSection(ExtensibilityGlobals) = postSolution
		SolutionGuid = {D449340D-C630-4BBB-94D1-E87FEBA1725A}
	EndGlobalSection
EndGlobal
